// !$*UTF8*$!
{
	archiveVersion = 1;
	classes = {
	};
	objectVersion = 50;
	objects = {

/* Begin PBXBuildFile section */
		255C71AA2640EBAC00792F02 /* AppDelegate.swift in Sources */ = {isa = PBXBuildFile; fileRef = 255C71A92640EBAC00792F02 /* AppDelegate.swift */; };
		255C71AC2640EBAC00792F02 /* SceneDelegate.swift in Sources */ = {isa = PBXBuildFile; fileRef = 255C71AB2640EBAC00792F02 /* SceneDelegate.swift */; };
		255C71AE2640EBAC00792F02 /* ViewController.swift in Sources */ = {isa = PBXBuildFile; fileRef = 255C71AD2640EBAC00792F02 /* ViewController.swift */; };
		255C71B12640EBAC00792F02 /* Main.storyboard in Resources */ = {isa = PBXBuildFile; fileRef = 255C71AF2640EBAC00792F02 /* Main.storyboard */; };
		255C71B32640EBAE00792F02 /* Assets.xcassets in Resources */ = {isa = PBXBuildFile; fileRef = 255C71B22640EBAE00792F02 /* Assets.xcassets */; };
		255C71B62640EBAE00792F02 /* LaunchScreen.storyboard in Resources */ = {isa = PBXBuildFile; fileRef = 255C71B42640EBAE00792F02 /* LaunchScreen.storyboard */; };
		255C71BF2640F0EF00792F02 /* FotosCollectionViewCell.swift in Sources */ = {isa = PBXBuildFile; fileRef = 255C71BE2640F0EF00792F02 /* FotosCollectionViewCell.swift */; };
/* End PBXBuildFile section */

/* Begin PBXFileReference section */
		255C71A62640EBAC00792F02 /* GaleriaCollectionView.app */ = {isa = PBXFileReference; explicitFileType = wrapper.application; includeInIndex = 0; path = GaleriaCollectionView.app; sourceTree = BUILT_PRODUCTS_DIR; };
		255C71A92640EBAC00792F02 /* AppDelegate.swift */ = {isa = PBXFileReference; lastKnownFileType = sourcecode.swift; path = AppDelegate.swift; sourceTree = "<group>"; };
		255C71AB2640EBAC00792F02 /* SceneDelegate.swift */ = {isa = PBXFileReference; lastKnownFileType = sourcecode.swift; path = SceneDelegate.swift; sourceTree = "<group>"; };
		255C71AD2640EBAC00792F02 /* ViewController.swift */ = {isa = PBXFileReference; lastKnownFileType = sourcecode.swift; path = ViewController.swift; sourceTree = "<group>"; };
		255C71B02640EBAC00792F02 /* Base */ = {isa = PBXFileReference; lastKnownFileType = file.storyboard; name = Base; path = Base.lproj/Main.storyboard; sourceTree = "<group>"; };
		255C71B22640EBAE00792F02 /* Assets.xcassets */ = {isa = PBXFileReference; lastKnownFileType = folder.assetcatalog; path = Assets.xcassets; sourceTree = "<group>"; };
		255C71B52640EBAE00792F02 /* Base */ = {isa = PBXFileReference; lastKnownFileType = file.storyboard; name = Base; path = Base.lproj/LaunchScreen.storyboard; sourceTree = "<group>"; };
		255C71B72640EBAE00792F02 /* Info.plist */ = {isa = PBXFileReference; lastKnownFileType = text.plist.xml; path = Info.plist; sourceTree = "<group>"; };
		255C71BE2640F0EF00792F02 /* FotosCollectionViewCell.swift */ = {isa = PBXFileReference; lastKnownFileType = sourcecode.swift; path = FotosCollectionViewCell.swift; sourceTree = "<group>"; };
/* End PBXFileReference section */

/* Begin PBXFrameworksBuildPhase section */
		255C71A32640EBAC00792F02 /* Frameworks */ = {
			isa = PBXFrameworksBuildPhase;
			buildActionMask = 2147483647;
			files = (
			);
			runOnlyForDeploymentPostprocessing = 0;
		};
/* End PBXFrameworksBuildPhase section */

/* Begin PBXGroup section */
		255C719D2640EBAC00792F02 = {
			isa = PBXGroup;
			children = (
				255C71A82640EBAC00792F02 /* GaleriaCollectionView */,
				255C71A72640EBAC00792F02 /* Products */,
			);
			sourceTree = "<group>";
		};
		255C71A72640EBAC00792F02 /* Products */ = {
			isa = PBXGroup;
			children = (
				255C71A62640EBAC00792F02 /* GaleriaCollectionView.app */,
			);
			name = Products;
			sourceTree = "<group>";
		};
		255C71A82640EBAC00792F02 /* GaleriaCollectionView */ = {
			isa = PBXGroup;
			children = (
				255C71A92640EBAC00792F02 /* AppDelegate.swift */,
				255C71AB2640EBAC00792F02 /* SceneDelegate.swift */,
				255C71AD2640EBAC00792F02 /* ViewController.swift */,
				255C71AF2640EBAC00792F02 /* Main.storyboard */,
				255C71B22640EBAE00792F02 /* Assets.xcassets */,
				255C71B42640EBAE00792F02 /* LaunchScreen.storyboard */,
				255C71B72640EBAE00792F02 /* Info.plist */,
				255C71BE2640F0EF00792F02 /* FotosCollectionViewCell.swift */,
			);
			path = GaleriaCollectionView;
			sourceTree = "<group>";
		};
/* End PBXGroup section */

/* Begin PBXNativeTarget section */
		255C71A52640EBAC00792F02 /* GaleriaCollectionView */ = {
			isa = PBXNativeTarget;
			buildConfigurationList = 255C71BA2640EBAE00792F02 /* Build configuration list for PBXNativeTarget "GaleriaCollectionView" */;
			buildPhases = (
				255C71A22640EBAC00792F02 /* Sources */,
				255C71A32640EBAC00792F02 /* Frameworks */,
				255C71A42640EBAC00792F02 /* Resources */,
			);
			buildRules = (
			);
			dependencies = (
			);
			name = GaleriaCollectionView;
			productName = GaleriaCollectionView;
			productReference = 255C71A62640EBAC00792F02 /* GaleriaCollectionView.app */;
			productType = "com.apple.product-type.application";
		};
/* End PBXNativeTarget section */

/* Begin PBXProject section */
		255C719E2640EBAC00792F02 /* Project object */ = {
			isa = PBXProject;
			attributes = {
				LastSwiftUpdateCheck = 1230;
				LastUpgradeCheck = 1230;
				TargetAttributes = {
					255C71A52640EBAC00792F02 = {
						CreatedOnToolsVersion = 12.3;
					};
				};
			};
			buildConfigurationList = 255C71A12640EBAC00792F02 /* Build configuration list for PBXProject "GaleriaCollectionView" */;
			compatibilityVersion = "Xcode 9.3";
			developmentRegion = en;
			hasScannedForEncodings = 0;
			knownRegions = (
				en,
				Base,
			);
			mainGroup = 255C719D2640EBAC00792F02;
			productRefGroup = 255C71A72640EBAC00792F02 /* Products */;
			projectDirPath = "";
			projectRoot = "";
			targets = (
				255C71A52640EBAC00792F02 /* GaleriaCollectionView */,
			);
		};
/* End PBXProject section */

/* Begin PBXResourcesBuildPhase section */
		255C71A42640EBAC00792F02 /* Resources */ = {
			isa = PBXResourcesBuildPhase;
			buildActionMask = 2147483647;
			files = (
				255C71B62640EBAE00792F02 /* LaunchScreen.storyboard in Resources */,
				255C71B32640EBAE00792F02 /* Assets.xcassets in Resources */,
				255C71B12640EBAC00792F02 /* Main.storyboard in Resources */,
			);
			runOnlyForDeploymentPostprocessing = 0;
		};
/* End PBXResourcesBuildPhase section */

/* Begin PBXSourcesBuildPhase section */
		255C71A22640EBAC00792F02 /* Sources */ = {
			isa = PBXSourcesBuildPhase;
			buildActionMask = 2147483647;
			files = (
				255C71AE2640EBAC00792F02 /* ViewController.swift in Sources */,
				255C71AA2640EBAC00792F02 /* AppDelegate.swift in Sources */,
				255C71BF2640F0EF00792F02 /* FotosCollectionViewCell.swift in Sources */,
				255C71AC2640EBAC00792F02 /* SceneDelegate.swift in Sources */,
			);
			runOnlyForDeploymentPostprocessing = 0;
		};
/* End PBXSourcesBuildPhase section */

/* Begin PBXVariantGroup section */
		255C71AF2640EBAC00792F02 /* Main.storyboard */ = {
			isa = PBXVariantGroup;
			children = (
				255C71B02640EBAC00792F02 /* Base */,
			);
			name = Main.storyboard;
			sourceTree = "<group>";
		};
		255C71B42640EBAE00792F02 /* LaunchScreen.storyboard */ = {
			isa = PBXVariantGroup;
			children = (
				255C71B52640EBAE00792F02 /* Base */,
			);
			name = LaunchScreen.storyboard;
			sourceTree = "<group>";
		};
/* End PBXVariantGroup section */

/* Begin XCBuildConfiguration section */
		255C71B82640EBAE00792F02 /* Debug */ = {
			isa = XCBuildConfiguration;
			buildSettings = {
				ALWAYS_SEARCH_USER_PATHS = NO;
				CLANG_ANALYZER_NONNULL = YES;
				CLANG_ANALYZER_NUMBER_OBJECT_CONVERSION = YES_AGGRESSIVE;
				CLANG_CXX_LANGUAGE_STANDARD = "gnu++14";
				CLANG_CXX_LIBRARY = "libc++";
				CLANG_ENABLE_MODULES = YES;
				CLANG_ENABLE_OBJC_ARC = YES;
				CLANG_ENABLE_OBJC_WEAK = YES;
				CLANG_WARN_BLOCK_CAPTURE_AUTORELEASING = YES;
				CLANG_WARN_BOOL_CONVERSION = YES;
				CLANG_WARN_COMMA = YES;
				CLANG_WARN_CONSTANT_CONVERSION = YES;
				CLANG_WARN_DEPRECATED_OBJC_IMPLEMENTATIONS = YES;
				CLANG_WARN_DIRECT_OBJC_ISA_USAGE = YES_ERROR;
				CLANG_WARN_DOCUMENTATION_COMMENTS = YES;
				CLANG_WARN_EMPTY_BODY = YES;
				CLANG_WARN_ENUM_CONVERSION = YES;
				CLANG_WARN_INFINITE_RECURSION = YES;
				CLANG_WARN_INT_CONVERSION = YES;
				CLANG_WARN_NON_LITERAL_NULL_CONVERSION = YES;
				CLANG_WARN_OBJC_IMPLICIT_RETAIN_SELF = YES;
				CLANG_WARN_OBJC_LITERAL_CONVERSION = YES;
				CLANG_WARN_OBJC_ROOT_CLASS = YES_ERROR;
				CLANG_WARN_QUOTED_INCLUDE_IN_FRAMEWORK_HEADER = YES;
				CLANG_WARN_RANGE_LOOP_ANALYSIS = YES;
				CLANG_WARN_STRICT_PROTOTYPES = YES;
				CLANG_WARN_SUSPICIOUS_MOVE = YES;
				CLANG_WARN_UNGUARDED_AVAILABILITY = YES_AGGRESSIVE;
				CLANG_WARN_UNREACHABLE_CODE = YES;
				CLANG_WARN__DUPLICATE_METHOD_MATCH = YES;
				COPY_PHASE_STRIP = NO;
				DEBUG_INFORMATION_FORMAT = dwarf;
				ENABLE_STRICT_OBJC_MSGSEND = YES;
				ENABLE_TESTABILITY = YES;
				GCC_C_LANGUAGE_STANDARD = gnu11;
				GCC_DYNAMIC_NO_PIC = NO;
				GCC_NO_COMMON_BLOCKS = YES;
				GCC_OPTIMIZATION_LEVEL = 0;
				GCC_PREPROCESSOR_DEFINITIONS = (
					"DEBUG=1",
					"$(inherited)",
				);
				GCC_WARN_64_TO_32_BIT_CONVERSION = YES;
				GCC_WARN_ABOUT_RETURN_TYPE = YES_ERROR;
				GCC_WARN_UNDECLARED_SELECTOR = YES;
				GCC_WARN_UNINITIALIZED_AUTOS = YES_AGGRESSIVE;
				GCC_WARN_UNUSED_FUNCTION = YES;
				GCC_WARN_UNUSED_VARIABLE = YES;
				IPHONEOS_DEPLOYMENT_TARGET = 14.3;
				MTL_ENABLE_DEBUG_INFO = INCLUDE_SOURCE;
				MTL_FAST_MATH = YES;
				ONLY_ACTIVE_ARCH = YES;
				SDKROOT = iphoneos;
				SWIFT_ACTIVE_COMPILATION_CONDITIONS = DEBUG;
				SWIFT_OPTIMIZATION_LEVEL = "-Onone";
			};
			name = Debug;
		};
		255C71B92640EBAE00792F02 /* Release */ = {
			isa = XCBuildConfiguration;
			buildSettings = {
				ALWAYS_SEARCH_USER_PATHS = NO;
				CLANG_ANALYZER_NONNULL = YES;
				CLANG_ANALYZER_NUMBER_OBJECT_CONVERSION = YES_AGGRESSIVE;
				CLANG_CXX_LANGUAGE_STANDARD = "gnu++14";
				CLANG_CXX_LIBRARY = "libc++";
				CLANG_ENABLE_MODULES = YES;
				CLANG_ENABLE_OBJC_ARC = YES;
				CLANG_ENABLE_OBJC_WEAK = YES;
				CLANG_WARN_BLOCK_CAPTURE_AUTORELEASING = YES;
				CLANG_WARN_BOOL_CONVERSION = YES;
				CLANG_WARN_COMMA = YES;
				CLANG_WARN_CONSTANT_CONVERSION = YES;
				CLANG_WARN_DEPRECATED_OBJC_IMPLEMENTATIONS = YES;
				CLANG_WARN_DIRECT_OBJC_ISA_USAGE = YES_ERROR;
				CLANG_WARN_DOCUMENTATION_COMMENTS = YES;
				CLANG_WARN_EMPTY_BODY = YES;
				CLANG_WARN_ENUM_CONVERSION = YES;
				CLANG_WARN_INFINITE_RECURSION = YES;
				CLANG_WARN_INT_CONVERSION = YES;
				CLANG_WARN_NON_LITERAL_NULL_CONVERSION = YES;
				CLANG_WARN_OBJC_IMPLICIT_RETAIN_SELF = YES;
				CLANG_WARN_OBJC_LITERAL_CONVERSION = YES;
				CLANG_WARN_OBJC_ROOT_CLASS = YES_ERROR;
				CLANG_WARN_QUOTED_INCLUDE_IN_FRAMEWORK_HEADER = YES;
				CLANG_WARN_RANGE_LOOP_ANALYSIS = YES;
				CLANG_WARN_STRICT_PROTOTYPES = YES;
				CLANG_WARN_SUSPICIOUS_MOVE = YES;
				CLANG_WARN_UNGUARDED_AVAILABILITY = YES_AGGRESSIVE;
				CLANG_WARN_UNREACHABLE_CODE = YES;
				CLANG_WARN__DUPLICATE_METHOD_MATCH = YES;
				COPY_PHASE_STRIP = NO;
				DEBUG_INFORMATION_FORMAT = "dwarf-with-dsym";
				ENABLE_NS_ASSERTIONS = NO;
				ENABLE_STRICT_OBJC_MSGSEND = YES;
				GCC_C_LANGUAGE_STANDARD = gnu11;
				GCC_NO_COMMON_BLOCKS = YES;
				GCC_WARN_64_TO_32_BIT_CONVERSION = YES;
				GCC_WARN_ABOUT_RETURN_TYPE = YES_ERROR;
				GCC_WARN_UNDECLARED_SELECTOR = YES;
				GCC_WARN_UNINITIALIZED_AUTOS = YES_AGGRESSIVE;
				GCC_WARN_UNUSED_FUNCTION = YES;
				GCC_WARN_UNUSED_VARIABLE = YES;
				IPHONEOS_DEPLOYMENT_TARGET = 14.3;
				MTL_ENABLE_DEBUG_INFO = NO;
				MTL_FAST_MATH = YES;
				SDKROOT = iphoneos;
				SWIFT_COMPILATION_MODE = wholemodule;
				SWIFT_OPTIMIZATION_LEVEL = "-O";
				VALIDATE_PRODUCT = YES;
			};
			name = Release;
		};
		255C71BB2640EBAE00792F02 /* Debug */ = {
			isa = XCBuildConfiguration;
			buildSettings = {
				ASSETCATALOG_COMPILER_APPICON_NAME = AppIcon;
				ASSETCATALOG_COMPILER_GLOBAL_ACCENT_COLOR_NAME = AccentColor;
				CODE_SIGN_STYLE = Automatic;
				INFOPLIST_FILE = GaleriaCollectionView/Info.plist;
				LD_RUNPATH_SEARCH_PATHS = (
					"$(inherited)",
					"@executable_path/Frameworks",
				);
				PRODUCT_BUNDLE_IDENTIFIER = com.diana.GaleriaCollectionView;
				PRODUCT_NAME = "$(TARGET_NAME)";
				SWIFT_VERSION = 5.0;
				TARGETED_DEVICE_FAMILY = "1,2";
			};
			name = Debug;
		};
		255C71BC2640EBAE00792F02 /* Release */ = {
			isa = XCBuildConfiguration;
			buildSettings = {
				ASSETCATALOG_COMPILER_APPICON_NAME = AppIcon;
				ASSETCATALOG_COMPILER_GLOBAL_ACCENT_COLOR_NAME = AccentColor;
				CODE_SIGN_STYLE = Automatic;
				INFOPLIST_FILE = GaleriaCollectionView/Info.plist;
				LD_RUNPATH_SEARCH_PATHS = (
					"$(inherited)",
					"@executable_path/Frameworks",
				);
				PRODUCT_BUNDLE_IDENTIFIER = com.diana.GaleriaCollectionView;
				PRODUCT_NAME = "$(TARGET_NAME)";
				SWIFT_VERSION = 5.0;
				TARGETED_DEVICE_FAMILY = "1,2";
			};
			name = Release;
		};
/* End XCBuildConfiguration section */

/* Begin XCConfigurationList section */
		255C71A12640EBAC00792F02 /* Build configuration list for PBXProject "GaleriaCollectionView" */ = {
			isa = XCConfigurationList;
			buildConfigurations = (
				255C71B82640EBAE00792F02 /* Debug */,
				255C71B92640EBAE00792F02 /* Release */,
			);
			defaultConfigurationIsVisible = 0;
			defaultConfigurationName = Release;
		};
		255C71BA2640EBAE00792F02 /* Build configuration list for PBXNativeTarget "GaleriaCollectionView" */ = {
			isa = XCConfigurationList;
			buildConfigurations = (
				255C71BB2640EBAE00792F02 /* Debug */,
				255C71BC2640EBAE00792F02 /* Release */,
			);
			defaultConfigurationIsVisible = 0;
			defaultConfigurationName = Release;
		};
/* End XCConfigurationList section */
	};
	rootObject = 255C719E2640EBAC00792F02 /* Project object */;
}
